// !$*UTF8*$!
{
	archiveVersion = 1;
	classes = {
	};
	objectVersion = 51;
	objects = {

/* Begin PBXBuildFile section */
		0B65442130709881CCFC19ED /* Pods_UserListMVVMRxSwift.framework in Frameworks */ = {isa = PBXBuildFile; fileRef = 6288D6B1B359E108A80E0564 /* Pods_UserListMVVMRxSwift.framework */; };
		1291983D24E561CB00123B41 /* AppDelegate.swift in Sources */ = {isa = PBXBuildFile; fileRef = 1291983C24E561CB00123B41 /* AppDelegate.swift */; };
		1291983F24E561CB00123B41 /* SceneDelegate.swift in Sources */ = {isa = PBXBuildFile; fileRef = 1291983E24E561CB00123B41 /* SceneDelegate.swift */; };
		1291984124E561CB00123B41 /* ViewController.swift in Sources */ = {isa = PBXBuildFile; fileRef = 1291984024E561CB00123B41 /* ViewController.swift */; };
		1291984424E561CB00123B41 /* Main.storyboard in Resources */ = {isa = PBXBuildFile; fileRef = 1291984224E561CB00123B41 /* Main.storyboard */; };
		1291984624E561CD00123B41 /* Assets.xcassets in Resources */ = {isa = PBXBuildFile; fileRef = 1291984524E561CD00123B41 /* Assets.xcassets */; };
		1291984924E561CD00123B41 /* LaunchScreen.storyboard in Resources */ = {isa = PBXBuildFile; fileRef = 1291984724E561CD00123B41 /* LaunchScreen.storyboard */; };
		1291985124E5646700123B41 /* AppCoordinator.swift in Sources */ = {isa = PBXBuildFile; fileRef = 1291985024E5646700123B41 /* AppCoordinator.swift */; };
		1291985324E58B1700123B41 /* User.swift in Sources */ = {isa = PBXBuildFile; fileRef = 1291985224E58B1700123B41 /* User.swift */; };
		1291985524E58B8100123B41 /* UserService.swift in Sources */ = {isa = PBXBuildFile; fileRef = 1291985424E58B8100123B41 /* UserService.swift */; };
		1291985724E597EF00123B41 /* UserTableViewCell.swift in Sources */ = {isa = PBXBuildFile; fileRef = 1291985624E597EF00123B41 /* UserTableViewCell.swift */; };
		1291985924E59D5F00123B41 /* UsersListViewModel.swift in Sources */ = {isa = PBXBuildFile; fileRef = 1291985824E59D5F00123B41 /* UsersListViewModel.swift */; };
		1291985B24E59DC700123B41 /* Protocols.swift in Sources */ = {isa = PBXBuildFile; fileRef = 1291985A24E59DC700123B41 /* Protocols.swift */; };
		1291985D24E59FFB00123B41 /* UserViewModel.swift in Sources */ = {isa = PBXBuildFile; fileRef = 1291985C24E59FFB00123B41 /* UserViewModel.swift */; };
/* End PBXBuildFile section */

/* Begin PBXFileReference section */
		1291983924E561CB00123B41 /* UserListMVVMRxSwift.app */ = {isa = PBXFileReference; explicitFileType = wrapper.application; includeInIndex = 0; path = UserListMVVMRxSwift.app; sourceTree = BUILT_PRODUCTS_DIR; };
		1291983C24E561CB00123B41 /* AppDelegate.swift */ = {isa = PBXFileReference; lastKnownFileType = sourcecode.swift; path = AppDelegate.swift; sourceTree = "<group>"; };
		1291983E24E561CB00123B41 /* SceneDelegate.swift */ = {isa = PBXFileReference; lastKnownFileType = sourcecode.swift; path = SceneDelegate.swift; sourceTree = "<group>"; };
		1291984024E561CB00123B41 /* ViewController.swift */ = {isa = PBXFileReference; lastKnownFileType = sourcecode.swift; path = ViewController.swift; sourceTree = "<group>"; };
		1291984324E561CB00123B41 /* Base */ = {isa = PBXFileReference; lastKnownFileType = file.storyboard; name = Base; path = Base.lproj/Main.storyboard; sourceTree = "<group>"; };
		1291984524E561CD00123B41 /* Assets.xcassets */ = {isa = PBXFileReference; lastKnownFileType = folder.assetcatalog; path = Assets.xcassets; sourceTree = "<group>"; };
		1291984824E561CD00123B41 /* Base */ = {isa = PBXFileReference; lastKnownFileType = file.storyboard; name = Base; path = Base.lproj/LaunchScreen.storyboard; sourceTree = "<group>"; };
		1291984A24E561CD00123B41 /* Info.plist */ = {isa = PBXFileReference; lastKnownFileType = text.plist.xml; path = Info.plist; sourceTree = "<group>"; };
		1291985024E5646700123B41 /* AppCoordinator.swift */ = {isa = PBXFileReference; lastKnownFileType = sourcecode.swift; path = AppCoordinator.swift; sourceTree = "<group>"; };
		1291985224E58B1700123B41 /* User.swift */ = {isa = PBXFileReference; lastKnownFileType = sourcecode.swift; path = User.swift; sourceTree = "<group>"; };
		1291985424E58B8100123B41 /* UserService.swift */ = {isa = PBXFileReference; lastKnownFileType = sourcecode.swift; path = UserService.swift; sourceTree = "<group>"; };
		1291985624E597EF00123B41 /* UserTableViewCell.swift */ = {isa = PBXFileReference; lastKnownFileType = sourcecode.swift; path = UserTableViewCell.swift; sourceTree = "<group>"; };
		1291985824E59D5F00123B41 /* UsersListViewModel.swift */ = {isa = PBXFileReference; lastKnownFileType = sourcecode.swift; path = UsersListViewModel.swift; sourceTree = "<group>"; };
		1291985A24E59DC700123B41 /* Protocols.swift */ = {isa = PBXFileReference; lastKnownFileType = sourcecode.swift; path = Protocols.swift; sourceTree = "<group>"; };
		1291985C24E59FFB00123B41 /* UserViewModel.swift */ = {isa = PBXFileReference; lastKnownFileType = sourcecode.swift; path = UserViewModel.swift; sourceTree = "<group>"; };
		172AF3D3B5A53BBF3D5DA7D7 /* Pods-UserListMVVMRxSwift.debug.xcconfig */ = {isa = PBXFileReference; includeInIndex = 1; lastKnownFileType = text.xcconfig; name = "Pods-UserListMVVMRxSwift.debug.xcconfig"; path = "Target Support Files/Pods-UserListMVVMRxSwift/Pods-UserListMVVMRxSwift.debug.xcconfig"; sourceTree = "<group>"; };
		2A3D121C6E982EA103BF09E1 /* Pods-UserListMVVMRxSwift.release.xcconfig */ = {isa = PBXFileReference; includeInIndex = 1; lastKnownFileType = text.xcconfig; name = "Pods-UserListMVVMRxSwift.release.xcconfig"; path = "Target Support Files/Pods-UserListMVVMRxSwift/Pods-UserListMVVMRxSwift.release.xcconfig"; sourceTree = "<group>"; };
		6288D6B1B359E108A80E0564 /* Pods_UserListMVVMRxSwift.framework */ = {isa = PBXFileReference; explicitFileType = wrapper.framework; includeInIndex = 0; path = Pods_UserListMVVMRxSwift.framework; sourceTree = BUILT_PRODUCTS_DIR; };
/* End PBXFileReference section */

/* Begin PBXFrameworksBuildPhase section */
		1291983624E561CB00123B41 /* Frameworks */ = {
			isa = PBXFrameworksBuildPhase;
			buildActionMask = 2147483647;
			files = (
				0B65442130709881CCFC19ED /* Pods_UserListMVVMRxSwift.framework in Frameworks */,
			);
			runOnlyForDeploymentPostprocessing = 0;
		};
/* End PBXFrameworksBuildPhase section */

/* Begin PBXGroup section */
		1291983024E561CB00123B41 = {
			isa = PBXGroup;
			children = (
				1291983B24E561CB00123B41 /* UserListMVVMRxSwift */,
				1291983A24E561CB00123B41 /* Products */,
				FD84091A4650C5843615094B /* Pods */,
				F5FAF0740987540FB161DA60 /* Frameworks */,
			);
			sourceTree = "<group>";
		};
		1291983A24E561CB00123B41 /* Products */ = {
			isa = PBXGroup;
			children = (
				1291983924E561CB00123B41 /* UserListMVVMRxSwift.app */,
			);
			name = Products;
			sourceTree = "<group>";
		};
		1291983B24E561CB00123B41 /* UserListMVVMRxSwift */ = {
			isa = PBXGroup;
			children = (
				1291983C24E561CB00123B41 /* AppDelegate.swift */,
				1291983E24E561CB00123B41 /* SceneDelegate.swift */,
				1291984024E561CB00123B41 /* ViewController.swift */,
				1291984224E561CB00123B41 /* Main.storyboard */,
				1291984524E561CD00123B41 /* Assets.xcassets */,
				1291984724E561CD00123B41 /* LaunchScreen.storyboard */,
				1291984A24E561CD00123B41 /* Info.plist */,
				1291985024E5646700123B41 /* AppCoordinator.swift */,
				1291985F24E5C3CA00123B41 /* Models */,
				1291986124E5C3F500123B41 /* Network */,
				1291985A24E59DC700123B41 /* Protocols.swift */,
				1291986024E5C3E000123B41 /* Cells */,
				1291985E24E5C39A00123B41 /* viewModels */,
			);
			path = UserListMVVMRxSwift;
			sourceTree = "<group>";
		};
		1291985E24E5C39A00123B41 /* viewModels */ = {
			isa = PBXGroup;
			children = (
				1291985824E59D5F00123B41 /* UsersListViewModel.swift */,
				1291985C24E59FFB00123B41 /* UserViewModel.swift */,
			);
			path = viewModels;
			sourceTree = "<group>";
		};
		1291985F24E5C3CA00123B41 /* Models */ = {
			isa = PBXGroup;
			children = (
				1291985224E58B1700123B41 /* User.swift */,
			);
			path = Models;
			sourceTree = "<group>";
		};
		1291986024E5C3E000123B41 /* Cells */ = {
			isa = PBXGroup;
			children = (
				1291985624E597EF00123B41 /* UserTableViewCell.swift */,
			);
			path = Cells;
			sourceTree = "<group>";
		};
		1291986124E5C3F500123B41 /* Network */ = {
			isa = PBXGroup;
			children = (
				1291985424E58B8100123B41 /* UserService.swift */,
			);
			path = Network;
			sourceTree = "<group>";
		};
		F5FAF0740987540FB161DA60 /* Frameworks */ = {
			isa = PBXGroup;
			children = (
				6288D6B1B359E108A80E0564 /* Pods_UserListMVVMRxSwift.framework */,
			);
			name = Frameworks;
			sourceTree = "<group>";
		};
		FD84091A4650C5843615094B /* Pods */ = {
			isa = PBXGroup;
			children = (
				172AF3D3B5A53BBF3D5DA7D7 /* Pods-UserListMVVMRxSwift.debug.xcconfig */,
				2A3D121C6E982EA103BF09E1 /* Pods-UserListMVVMRxSwift.release.xcconfig */,
			);
			path = Pods;
			sourceTree = "<group>";
		};
/* End PBXGroup section */

/* Begin PBXNativeTarget section */
		1291983824E561CB00123B41 /* UserListMVVMRxSwift */ = {
			isa = PBXNativeTarget;
			buildConfigurationList = 1291984D24E561CD00123B41 /* Build configuration list for PBXNativeTarget "UserListMVVMRxSwift" */;
			buildPhases = (
				0A9329A577B6D042F30CEA4B /* [CP] Check Pods Manifest.lock */,
				1291983524E561CB00123B41 /* Sources */,
				1291983624E561CB00123B41 /* Frameworks */,
				1291983724E561CB00123B41 /* Resources */,
				040DBFDA02162FB6F3045432 /* [CP] Embed Pods Frameworks */,
			);
			buildRules = (
			);
			dependencies = (
			);
			name = UserListMVVMRxSwift;
			productName = UserListMVVMRxSwift;
			productReference = 1291983924E561CB00123B41 /* UserListMVVMRxSwift.app */;
			productType = "com.apple.product-type.application";
		};
/* End PBXNativeTarget section */

/* Begin PBXProject section */
		1291983124E561CB00123B41 /* Project object */ = {
			isa = PBXProject;
			attributes = {
				LastSwiftUpdateCheck = 1160;
				LastUpgradeCheck = 1160;
				ORGANIZATIONNAME = Sergey;
				TargetAttributes = {
					1291983824E561CB00123B41 = {
						CreatedOnToolsVersion = 11.6;
					};
				};
			};
			buildConfigurationList = 1291983424E561CB00123B41 /* Build configuration list for PBXProject "UserListMVVMRxSwift" */;
			compatibilityVersion = "Xcode 9.3";
			developmentRegion = en;
			hasScannedForEncodings = 0;
			knownRegions = (
				en,
				Base,
			);
			mainGroup = 1291983024E561CB00123B41;
			productRefGroup = 1291983A24E561CB00123B41 /* Products */;
			projectDirPath = "";
			projectRoot = "";
			targets = (
				1291983824E561CB00123B41 /* UserListMVVMRxSwift */,
			);
		};
/* End PBXProject section */

/* Begin PBXResourcesBuildPhase section */
		1291983724E561CB00123B41 /* Resources */ = {
			isa = PBXResourcesBuildPhase;
			buildActionMask = 2147483647;
			files = (
				1291984924E561CD00123B41 /* LaunchScreen.storyboard in Resources */,
				1291984624E561CD00123B41 /* Assets.xcassets in Resources */,
				1291984424E561CB00123B41 /* Main.storyboard in Resources */,
			);
			runOnlyForDeploymentPostprocessing = 0;
		};
/* End PBXResourcesBuildPhase section */

/* Begin PBXShellScriptBuildPhase section */
		040DBFDA02162FB6F3045432 /* [CP] Embed Pods Frameworks */ = {
			isa = PBXShellScriptBuildPhase;
			buildActionMask = 2147483647;
			files = (
			);
			inputFileListPaths = (
				"${PODS_ROOT}/Target Support Files/Pods-UserListMVVMRxSwift/Pods-UserListMVVMRxSwift-frameworks-${CONFIGURATION}-input-files.xcfilelist",
			);
			name = "[CP] Embed Pods Frameworks";
			outputFileListPaths = (
				"${PODS_ROOT}/Target Support Files/Pods-UserListMVVMRxSwift/Pods-UserListMVVMRxSwift-frameworks-${CONFIGURATION}-output-files.xcfilelist",
			);
			runOnlyForDeploymentPostprocessing = 0;
			shellPath = /bin/sh;
			shellScript = "\"${PODS_ROOT}/Target Support Files/Pods-UserListMVVMRxSwift/Pods-UserListMVVMRxSwift-frameworks.sh\"\n";
			showEnvVarsInLog = 0;
		};
		0A9329A577B6D042F30CEA4B /* [CP] Check Pods Manifest.lock */ = {
			isa = PBXShellScriptBuildPhase;
			buildActionMask = 2147483647;
			files = (
			);
			inputFileListPaths = (
			);
			inputPaths = (
				"${PODS_PODFILE_DIR_PATH}/Podfile.lock",
				"${PODS_ROOT}/Manifest.lock",
			);
			name = "[CP] Check Pods Manifest.lock";
			outputFileListPaths = (
			);
			outputPaths = (
				"$(DERIVED_FILE_DIR)/Pods-UserListMVVMRxSwift-checkManifestLockResult.txt",
			);
			runOnlyForDeploymentPostprocessing = 0;
			shellPath = /bin/sh;
			shellScript = "diff \"${PODS_PODFILE_DIR_PATH}/Podfile.lock\" \"${PODS_ROOT}/Manifest.lock\" > /dev/null\nif [ $? != 0 ] ; then\n    # print error to STDERR\n    echo \"error: The sandbox is not in sync with the Podfile.lock. Run 'pod install' or update your CocoaPods installation.\" >&2\n    exit 1\nfi\n# This output is used by Xcode 'outputs' to avoid re-running this script phase.\necho \"SUCCESS\" > \"${SCRIPT_OUTPUT_FILE_0}\"\n";
			showEnvVarsInLog = 0;
		};
/* End PBXShellScriptBuildPhase section */

/* Begin PBXSourcesBuildPhase section */
		1291983524E561CB00123B41 /* Sources */ = {
			isa = PBXSourcesBuildPhase;
			buildActionMask = 2147483647;
			files = (
				1291985124E5646700123B41 /* AppCoordinator.swift in Sources */,
				1291984124E561CB00123B41 /* ViewController.swift in Sources */,
				1291985724E597EF00123B41 /* UserTableViewCell.swift in Sources */,
				1291985D24E59FFB00123B41 /* UserViewModel.swift in Sources */,
				1291985B24E59DC700123B41 /* Protocols.swift in Sources */,
				1291985524E58B8100123B41 /* UserService.swift in Sources */,
				1291983D24E561CB00123B41 /* AppDelegate.swift in Sources */,
				1291985924E59D5F00123B41 /* UsersListViewModel.swift in Sources */,
				1291985324E58B1700123B41 /* User.swift in Sources */,
				1291983F24E561CB00123B41 /* SceneDelegate.swift in Sources */,
			);
			runOnlyForDeploymentPostprocessing = 0;
		};
/* End PBXSourcesBuildPhase section */

/* Begin PBXVariantGroup section */
		1291984224E561CB00123B41 /* Main.storyboard */ = {
			isa = PBXVariantGroup;
			children = (
				1291984324E561CB00123B41 /* Base */,
			);
			name = Main.storyboard;
			sourceTree = "<group>";
		};
		1291984724E561CD00123B41 /* LaunchScreen.storyboard */ = {
			isa = PBXVariantGroup;
			children = (
				1291984824E561CD00123B41 /* Base */,
			);
			name = LaunchScreen.storyboard;
			sourceTree = "<group>";
		};
/* End PBXVariantGroup section */

/* Begin XCBuildConfiguration section */
		1291984B24E561CD00123B41 /* Debug */ = {
			isa = XCBuildConfiguration;
			buildSettings = {
				ALWAYS_SEARCH_USER_PATHS = NO;
				CLANG_ANALYZER_NONNULL = YES;
				CLANG_ANALYZER_NUMBER_OBJECT_CONVERSION = YES_AGGRESSIVE;
				CLANG_CXX_LANGUAGE_STANDARD = "gnu++14";
				CLANG_CXX_LIBRARY = "libc++";
				CLANG_ENABLE_MODULES = YES;
				CLANG_ENABLE_OBJC_ARC = YES;
				CLANG_ENABLE_OBJC_WEAK = YES;
				CLANG_WARN_BLOCK_CAPTURE_AUTORELEASING = YES;
				CLANG_WARN_BOOL_CONVERSION = YES;
				CLANG_WARN_COMMA = YES;
				CLANG_WARN_CONSTANT_CONVERSION = YES;
				CLANG_WARN_DEPRECATED_OBJC_IMPLEMENTATIONS = YES;
				CLANG_WARN_DIRECT_OBJC_ISA_USAGE = YES_ERROR;
				CLANG_WARN_DOCUMENTATION_COMMENTS = YES;
				CLANG_WARN_EMPTY_BODY = YES;
				CLANG_WARN_ENUM_CONVERSION = YES;
				CLANG_WARN_INFINITE_RECURSION = YES;
				CLANG_WARN_INT_CONVERSION = YES;
				CLANG_WARN_NON_LITERAL_NULL_CONVERSION = YES;
				CLANG_WARN_OBJC_IMPLICIT_RETAIN_SELF = YES;
				CLANG_WARN_OBJC_LITERAL_CONVERSION = YES;
				CLANG_WARN_OBJC_ROOT_CLASS = YES_ERROR;
				CLANG_WARN_RANGE_LOOP_ANALYSIS = YES;
				CLANG_WARN_STRICT_PROTOTYPES = YES;
				CLANG_WARN_SUSPICIOUS_MOVE = YES;
				CLANG_WARN_UNGUARDED_AVAILABILITY = YES_AGGRESSIVE;
				CLANG_WARN_UNREACHABLE_CODE = YES;
				CLANG_WARN__DUPLICATE_METHOD_MATCH = YES;
				COPY_PHASE_STRIP = NO;
				DEBUG_INFORMATION_FORMAT = dwarf;
				ENABLE_STRICT_OBJC_MSGSEND = YES;
				ENABLE_TESTABILITY = YES;
				GCC_C_LANGUAGE_STANDARD = gnu11;
				GCC_DYNAMIC_NO_PIC = NO;
				GCC_NO_COMMON_BLOCKS = YES;
				GCC_OPTIMIZATION_LEVEL = 0;
				GCC_PREPROCESSOR_DEFINITIONS = (
					"DEBUG=1",
					"$(inherited)",
				);
				GCC_WARN_64_TO_32_BIT_CONVERSION = YES;
				GCC_WARN_ABOUT_RETURN_TYPE = YES_ERROR;
				GCC_WARN_UNDECLARED_SELECTOR = YES;
				GCC_WARN_UNINITIALIZED_AUTOS = YES_AGGRESSIVE;
				GCC_WARN_UNUSED_FUNCTION = YES;
				GCC_WARN_UNUSED_VARIABLE = YES;
				IPHONEOS_DEPLOYMENT_TARGET = 13.6;
				MTL_ENABLE_DEBUG_INFO = INCLUDE_SOURCE;
				MTL_FAST_MATH = YES;
				ONLY_ACTIVE_ARCH = YES;
				SDKROOT = iphoneos;
				SWIFT_ACTIVE_COMPILATION_CONDITIONS = DEBUG;
				SWIFT_OPTIMIZATION_LEVEL = "-Onone";
			};
			name = Debug;
		};
		1291984C24E561CD00123B41 /* Release */ = {
			isa = XCBuildConfiguration;
			buildSettings = {
				ALWAYS_SEARCH_USER_PATHS = NO;
				CLANG_ANALYZER_NONNULL = YES;
				CLANG_ANALYZER_NUMBER_OBJECT_CONVERSION = YES_AGGRESSIVE;
				CLANG_CXX_LANGUAGE_STANDARD = "gnu++14";
				CLANG_CXX_LIBRARY = "libc++";
				CLANG_ENABLE_MODULES = YES;
				CLANG_ENABLE_OBJC_ARC = YES;
				CLANG_ENABLE_OBJC_WEAK = YES;
				CLANG_WARN_BLOCK_CAPTURE_AUTORELEASING = YES;
				CLANG_WARN_BOOL_CONVERSION = YES;
				CLANG_WARN_COMMA = YES;
				CLANG_WARN_CONSTANT_CONVERSION = YES;
				CLANG_WARN_DEPRECATED_OBJC_IMPLEMENTATIONS = YES;
				CLANG_WARN_DIRECT_OBJC_ISA_USAGE = YES_ERROR;
				CLANG_WARN_DOCUMENTATION_COMMENTS = YES;
				CLANG_WARN_EMPTY_BODY = YES;
				CLANG_WARN_ENUM_CONVERSION = YES;
				CLANG_WARN_INFINITE_RECURSION = YES;
				CLANG_WARN_INT_CONVERSION = YES;
				CLANG_WARN_NON_LITERAL_NULL_CONVERSION = YES;
				CLANG_WARN_OBJC_IMPLICIT_RETAIN_SELF = YES;
				CLANG_WARN_OBJC_LITERAL_CONVERSION = YES;
				CLANG_WARN_OBJC_ROOT_CLASS = YES_ERROR;
				CLANG_WARN_RANGE_LOOP_ANALYSIS = YES;
				CLANG_WARN_STRICT_PROTOTYPES = YES;
				CLANG_WARN_SUSPICIOUS_MOVE = YES;
				CLANG_WARN_UNGUARDED_AVAILABILITY = YES_AGGRESSIVE;
				CLANG_WARN_UNREACHABLE_CODE = YES;
				CLANG_WARN__DUPLICATE_METHOD_MATCH = YES;
				COPY_PHASE_STRIP = NO;
				DEBUG_INFORMATION_FORMAT = "dwarf-with-dsym";
				ENABLE_NS_ASSERTIONS = NO;
				ENABLE_STRICT_OBJC_MSGSEND = YES;
				GCC_C_LANGUAGE_STANDARD = gnu11;
				GCC_NO_COMMON_BLOCKS = YES;
				GCC_WARN_64_TO_32_BIT_CONVERSION = YES;
				GCC_WARN_ABOUT_RETURN_TYPE = YES_ERROR;
				GCC_WARN_UNDECLARED_SELECTOR = YES;
				GCC_WARN_UNINITIALIZED_AUTOS = YES_AGGRESSIVE;
				GCC_WARN_UNUSED_FUNCTION = YES;
				GCC_WARN_UNUSED_VARIABLE = YES;
				IPHONEOS_DEPLOYMENT_TARGET = 13.6;
				MTL_ENABLE_DEBUG_INFO = NO;
				MTL_FAST_MATH = YES;
				SDKROOT = iphoneos;
				SWIFT_COMPILATION_MODE = wholemodule;
				SWIFT_OPTIMIZATION_LEVEL = "-O";
				VALIDATE_PRODUCT = YES;
			};
			name = Release;
		};
		1291984E24E561CD00123B41 /* Debug */ = {
			isa = XCBuildConfiguration;
			baseConfigurationReference = 172AF3D3B5A53BBF3D5DA7D7 /* Pods-UserListMVVMRxSwift.debug.xcconfig */;
			buildSettings = {
				ASSETCATALOG_COMPILER_APPICON_NAME = AppIcon;
				CODE_SIGN_STYLE = Automatic;
				DEVELOPMENT_TEAM = 793H8AL498;
				INFOPLIST_FILE = UserListMVVMRxSwift/Info.plist;
				LD_RUNPATH_SEARCH_PATHS = (
					"$(inherited)",
					"@executable_path/Frameworks",
				);
				PRODUCT_BUNDLE_IDENTIFIER = sergey.UserListMVVMRxSwift;
				PRODUCT_NAME = "$(TARGET_NAME)";
				SWIFT_VERSION = 5.0;
				TARGETED_DEVICE_FAMILY = "1,2";
			};
			name = Debug;
		};
		1291984F24E561CD00123B41 /* Release */ = {
			isa = XCBuildConfiguration;
			baseConfigurationReference = 2A3D121C6E982EA103BF09E1 /* Pods-UserListMVVMRxSwift.release.xcconfig */;
			buildSettings = {
				ASSETCATALOG_COMPILER_APPICON_NAME = AppIcon;
				CODE_SIGN_STYLE = Automatic;
				DEVELOPMENT_TEAM = 793H8AL498;
				INFOPLIST_FILE = UserListMVVMRxSwift/Info.plist;
				LD_RUNPATH_SEARCH_PATHS = (
					"$(inherited)",
					"@executable_path/Frameworks",
				);
				PRODUCT_BUNDLE_IDENTIFIER = sergey.UserListMVVMRxSwift;
				PRODUCT_NAME = "$(TARGET_NAME)";
				SWIFT_VERSION = 5.0;
				TARGETED_DEVICE_FAMILY = "1,2";
			};
			name = Release;
		};
/* End XCBuildConfiguration section */

/* Begin XCConfigurationList section */
		1291983424E561CB00123B41 /* Build configuration list for PBXProject "UserListMVVMRxSwift" */ = {
			isa = XCConfigurationList;
			buildConfigurations = (
				1291984B24E561CD00123B41 /* Debug */,
				1291984C24E561CD00123B41 /* Release */,
			);
			defaultConfigurationIsVisible = 0;
			defaultConfigurationName = Release;
		};
		1291984D24E561CD00123B41 /* Build configuration list for PBXNativeTarget "UserListMVVMRxSwift" */ = {
			isa = XCConfigurationList;
			buildConfigurations = (
				1291984E24E561CD00123B41 /* Debug */,
				1291984F24E561CD00123B41 /* Release */,
			);
			defaultConfigurationIsVisible = 0;
			defaultConfigurationName = Release;
		};
/* End XCConfigurationList section */
	};
	rootObject = 1291983124E561CB00123B41 /* Project object */;
}
